// !$*UTF8*$!
{
	archiveVersion = 1;
	classes = {
	};
	objectVersion = 46;
	objects = {

/* Begin PBXBuildFile section */
		100BB96117A8DF29000E00A7 /* UIKit.framework in Frameworks */ = {isa = PBXBuildFile; fileRef = 100BB96017A8DF29000E00A7 /* UIKit.framework */; };
		100BB96317A8DF29000E00A7 /* Foundation.framework in Frameworks */ = {isa = PBXBuildFile; fileRef = 100BB96217A8DF29000E00A7 /* Foundation.framework */; };
		100BB96517A8DF29000E00A7 /* CoreGraphics.framework in Frameworks */ = {isa = PBXBuildFile; fileRef = 100BB96417A8DF29000E00A7 /* CoreGraphics.framework */; };
		100BB96B17A8DF29000E00A7 /* InfoPlist.strings in Resources */ = {isa = PBXBuildFile; fileRef = 100BB96917A8DF29000E00A7 /* InfoPlist.strings */; };
		100BB96D17A8DF29000E00A7 /* main.m in Sources */ = {isa = PBXBuildFile; fileRef = 100BB96C17A8DF29000E00A7 /* main.m */; };
		100BB97117A8DF29000E00A7 /* ZHAppDelegate.m in Sources */ = {isa = PBXBuildFile; fileRef = 100BB97017A8DF29000E00A7 /* ZHAppDelegate.m */; };
		100BB97317A8DF29000E00A7 /* Default.png in Resources */ = {isa = PBXBuildFile; fileRef = 100BB97217A8DF29000E00A7 /* Default.png */; };
		100BB97517A8DF29000E00A7 /* Default@2x.png in Resources */ = {isa = PBXBuildFile; fileRef = 100BB97417A8DF29000E00A7 /* Default@2x.png */; };
		100BB97717A8DF29000E00A7 /* Default-568h@2x.png in Resources */ = {isa = PBXBuildFile; fileRef = 100BB97617A8DF29000E00A7 /* Default-568h@2x.png */; };
		100BB97A17A8DF29000E00A7 /* ZHViewController.m in Sources */ = {isa = PBXBuildFile; fileRef = 100BB97917A8DF29000E00A7 /* ZHViewController.m */; };
		100BB97D17A8DF29000E00A7 /* ZHViewController.xib in Resources */ = {isa = PBXBuildFile; fileRef = 100BB97B17A8DF29000E00A7 /* ZHViewController.xib */; };
		100BB9A117A8E0BB000E00A7 /* CFNetwork.framework in Frameworks */ = {isa = PBXBuildFile; fileRef = 100BB9A017A8E0BB000E00A7 /* CFNetwork.framework */; };
		100BB9A317A8E0C5000E00A7 /* SystemConfiguration.framework in Frameworks */ = {isa = PBXBuildFile; fileRef = 100BB9A217A8E0C5000E00A7 /* SystemConfiguration.framework */; };
		100BB9A517A8E0CC000E00A7 /* Security.framework in Frameworks */ = {isa = PBXBuildFile; fileRef = 100BB9A417A8E0CB000E00A7 /* Security.framework */; };
		100BB9A717A8E0D1000E00A7 /* MobileCoreServices.framework in Frameworks */ = {isa = PBXBuildFile; fileRef = 100BB9A617A8E0D1000E00A7 /* MobileCoreServices.framework */; };
		10590D4717AF54BE0041E485 /* main.m in Sources */ = {isa = PBXBuildFile; fileRef = 100BB96C17A8DF29000E00A7 /* main.m */; };
		10590D4817AF54BE0041E485 /* ZHAppDelegate.m in Sources */ = {isa = PBXBuildFile; fileRef = 100BB97017A8DF29000E00A7 /* ZHAppDelegate.m */; };
		10590D4917AF54BE0041E485 /* ZHViewController.m in Sources */ = {isa = PBXBuildFile; fileRef = 100BB97917A8DF29000E00A7 /* ZHViewController.m */; };
		10590D4A17AF54BE0041E485 /* Message.m in Sources */ = {isa = PBXBuildFile; fileRef = 108B376B17ABAAD2008FFC2B /* Message.m */; };
		10590D4B17AF54BE0041E485 /* NetWork.m in Sources */ = {isa = PBXBuildFile; fileRef = 108B376D17ABAAD2008FFC2B /* NetWork.m */; };
		10590D4C17AF54BE0041E485 /* User.m in Sources */ = {isa = PBXBuildFile; fileRef = 108B376F17ABAAD2008FFC2B /* User.m */; };
		10590D4D17AF54BE0041E485 /* Button.m in Sources */ = {isa = PBXBuildFile; fileRef = 108B377717ABABA5008FFC2B /* Button.m */; };
		10590D4E17AF54BE0041E485 /* ImageView.m in Sources */ = {isa = PBXBuildFile; fileRef = 108B377A17ABABB1008FFC2B /* ImageView.m */; };
		10590D4F17AF54BE0041E485 /* CommonMethod.m in Sources */ = {isa = PBXBuildFile; fileRef = 108B377D17ABABE2008FFC2B /* CommonMethod.m */; };
		10590D5017AF54BE0041E485 /* ZHMainViewController.m in Sources */ = {isa = PBXBuildFile; fileRef = F4D69D8B17ACE6B400C261C9 /* ZHMainViewController.m */; };
		10590D5117AF54BE0041E485 /* Session.m in Sources */ = {isa = PBXBuildFile; fileRef = F44718CA17AE4BD2007D012F /* Session.m */; };
		10590D5217AF54BE0041E485 /* AFHTTPClient.m in Sources */ = {isa = PBXBuildFile; fileRef = F44718FF17AEB79B007D012F /* AFHTTPClient.m */; settings = {COMPILER_FLAGS = "-fobjc-arc"; }; };
		10590D5317AF54BE0041E485 /* AFHTTPRequestOperation.m in Sources */ = {isa = PBXBuildFile; fileRef = F447190117AEB79B007D012F /* AFHTTPRequestOperation.m */; settings = {COMPILER_FLAGS = "-fobjc-arc"; }; };
		10590D5417AF54BE0041E485 /* AFImageRequestOperation.m in Sources */ = {isa = PBXBuildFile; fileRef = F447190317AEB79B007D012F /* AFImageRequestOperation.m */; settings = {COMPILER_FLAGS = "-fobjc-arc"; }; };
		10590D5517AF54BE0041E485 /* AFJSONRequestOperation.m in Sources */ = {isa = PBXBuildFile; fileRef = F447190517AEB79B007D012F /* AFJSONRequestOperation.m */; settings = {COMPILER_FLAGS = "-fobjc-arc"; }; };
		10590D5617AF54BE0041E485 /* AFNetworkActivityIndicatorManager.m in Sources */ = {isa = PBXBuildFile; fileRef = F447190717AEB79B007D012F /* AFNetworkActivityIndicatorManager.m */; settings = {COMPILER_FLAGS = "-fobjc-arc"; }; };
		10590D5717AF54BE0041E485 /* AFPropertyListRequestOperation.m in Sources */ = {isa = PBXBuildFile; fileRef = F447190A17AEB79B007D012F /* AFPropertyListRequestOperation.m */; settings = {COMPILER_FLAGS = "-fobjc-arc"; }; };
		10590D5817AF54BE0041E485 /* AFURLConnectionOperation.m in Sources */ = {isa = PBXBuildFile; fileRef = F447190C17AEB79B007D012F /* AFURLConnectionOperation.m */; settings = {COMPILER_FLAGS = "-fobjc-arc"; }; };
		10590D5917AF54BE0041E485 /* AFXMLRequestOperation.m in Sources */ = {isa = PBXBuildFile; fileRef = F447190E17AEB79B007D012F /* AFXMLRequestOperation.m */; settings = {COMPILER_FLAGS = "-fobjc-arc"; }; };
		10590D5A17AF54BE0041E485 /* UIImageView+AFNetworking.m in Sources */ = {isa = PBXBuildFile; fileRef = F447191017AEB79B007D012F /* UIImageView+AFNetworking.m */; settings = {COMPILER_FLAGS = "-fobjc-arc"; }; };
		10590D5B17AF54BE0041E485 /* Reachability.m in Sources */ = {isa = PBXBuildFile; fileRef = F447191217AEB79B007D012F /* Reachability.m */; };
		10590D5D17AF54BE0041E485 /* libz.1.2.5.dylib in Frameworks */ = {isa = PBXBuildFile; fileRef = F447194717AEBC19007D012F /* libz.1.2.5.dylib */; };
		10590D5E17AF54BE0041E485 /* SystemConfiguration.framework in Frameworks */ = {isa = PBXBuildFile; fileRef = 100BB9A217A8E0C5000E00A7 /* SystemConfiguration.framework */; };
		10590D5F17AF54BE0041E485 /* MobileCoreServices.framework in Frameworks */ = {isa = PBXBuildFile; fileRef = 100BB9A617A8E0D1000E00A7 /* MobileCoreServices.framework */; };
		10590D6017AF54BE0041E485 /* Security.framework in Frameworks */ = {isa = PBXBuildFile; fileRef = 100BB9A417A8E0CB000E00A7 /* Security.framework */; };
		10590D6117AF54BE0041E485 /* CFNetwork.framework in Frameworks */ = {isa = PBXBuildFile; fileRef = 100BB9A017A8E0BB000E00A7 /* CFNetwork.framework */; };
		10590D6217AF54BE0041E485 /* UIKit.framework in Frameworks */ = {isa = PBXBuildFile; fileRef = 100BB96017A8DF29000E00A7 /* UIKit.framework */; };
		10590D6317AF54BE0041E485 /* Foundation.framework in Frameworks */ = {isa = PBXBuildFile; fileRef = 100BB96217A8DF29000E00A7 /* Foundation.framework */; };
		10590D6417AF54BE0041E485 /* CoreGraphics.framework in Frameworks */ = {isa = PBXBuildFile; fileRef = 100BB96417A8DF29000E00A7 /* CoreGraphics.framework */; };
		10590D6717AF54BE0041E485 /* InfoPlist.strings in Resources */ = {isa = PBXBuildFile; fileRef = 100BB96917A8DF29000E00A7 /* InfoPlist.strings */; };
		10590D6817AF54BE0041E485 /* Default.png in Resources */ = {isa = PBXBuildFile; fileRef = 100BB97217A8DF29000E00A7 /* Default.png */; };
		10590D6917AF54BE0041E485 /* Default@2x.png in Resources */ = {isa = PBXBuildFile; fileRef = 100BB97417A8DF29000E00A7 /* Default@2x.png */; };
		10590D6A17AF54BE0041E485 /* Default-568h@2x.png in Resources */ = {isa = PBXBuildFile; fileRef = 100BB97617A8DF29000E00A7 /* Default-568h@2x.png */; };
		10590D6B17AF54BE0041E485 /* ZHViewController.xib in Resources */ = {isa = PBXBuildFile; fileRef = 100BB97B17A8DF29000E00A7 /* ZHViewController.xib */; };
		10590D6C17AF54BE0041E485 /* ZHMainViewController.xib in Resources */ = {isa = PBXBuildFile; fileRef = F4D69D8C17ACE6B400C261C9 /* ZHMainViewController.xib */; };
		10590D6D17AF54BE0041E485 /* README.md in Resources */ = {isa = PBXBuildFile; fileRef = F44718CC17AE50F8007D012F /* README.md */; };
		10590D7F17AFA2670041E485 /* NSDate+Helper.m in Sources */ = {isa = PBXBuildFile; fileRef = 10590D7E17AFA2670041E485 /* NSDate+Helper.m */; };
		10590D8017AFA2670041E485 /* NSDate+Helper.m in Sources */ = {isa = PBXBuildFile; fileRef = 10590D7E17AFA2670041E485 /* NSDate+Helper.m */; };
		108B377017ABAAD2008FFC2B /* Message.m in Sources */ = {isa = PBXBuildFile; fileRef = 108B376B17ABAAD2008FFC2B /* Message.m */; };
		108B377117ABAAD2008FFC2B /* NetWork.m in Sources */ = {isa = PBXBuildFile; fileRef = 108B376D17ABAAD2008FFC2B /* NetWork.m */; };
		108B377217ABAAD2008FFC2B /* User.m in Sources */ = {isa = PBXBuildFile; fileRef = 108B376F17ABAAD2008FFC2B /* User.m */; };
		108B377817ABABA5008FFC2B /* Button.m in Sources */ = {isa = PBXBuildFile; fileRef = 108B377717ABABA5008FFC2B /* Button.m */; };
		108B377B17ABABB1008FFC2B /* ImageView.m in Sources */ = {isa = PBXBuildFile; fileRef = 108B377A17ABABB1008FFC2B /* ImageView.m */; };
		108B377E17ABABE2008FFC2B /* CommonMethod.m in Sources */ = {isa = PBXBuildFile; fileRef = 108B377D17ABABE2008FFC2B /* CommonMethod.m */; };
		10EFA35617B1073900C63E91 /* libTOPIOSSdk.s.a in Frameworks */ = {isa = PBXBuildFile; fileRef = 106DF17F17B1040400DDEEB9 /* libTOPIOSSdk.s.a */; };
		F44718CB17AE4BD2007D012F /* Session.m in Sources */ = {isa = PBXBuildFile; fileRef = F44718CA17AE4BD2007D012F /* Session.m */; };
		F44718CD17AE50F8007D012F /* README.md in Resources */ = {isa = PBXBuildFile; fileRef = F44718CC17AE50F8007D012F /* README.md */; };
		F447193B17AEB79B007D012F /* AFHTTPClient.m in Sources */ = {isa = PBXBuildFile; fileRef = F44718FF17AEB79B007D012F /* AFHTTPClient.m */; settings = {COMPILER_FLAGS = "-fobjc-arc"; }; };
		F447193C17AEB79B007D012F /* AFHTTPRequestOperation.m in Sources */ = {isa = PBXBuildFile; fileRef = F447190117AEB79B007D012F /* AFHTTPRequestOperation.m */; settings = {COMPILER_FLAGS = "-fobjc-arc"; }; };
		F447193D17AEB79B007D012F /* AFImageRequestOperation.m in Sources */ = {isa = PBXBuildFile; fileRef = F447190317AEB79B007D012F /* AFImageRequestOperation.m */; settings = {COMPILER_FLAGS = "-fobjc-arc"; }; };
		F447193E17AEB79B007D012F /* AFJSONRequestOperation.m in Sources */ = {isa = PBXBuildFile; fileRef = F447190517AEB79B007D012F /* AFJSONRequestOperation.m */; settings = {COMPILER_FLAGS = "-fobjc-arc"; }; };
		F447193F17AEB79B007D012F /* AFNetworkActivityIndicatorManager.m in Sources */ = {isa = PBXBuildFile; fileRef = F447190717AEB79B007D012F /* AFNetworkActivityIndicatorManager.m */; settings = {COMPILER_FLAGS = "-fobjc-arc"; }; };
		F447194017AEB79B007D012F /* AFPropertyListRequestOperation.m in Sources */ = {isa = PBXBuildFile; fileRef = F447190A17AEB79B007D012F /* AFPropertyListRequestOperation.m */; settings = {COMPILER_FLAGS = "-fobjc-arc"; }; };
		F447194117AEB79B007D012F /* AFURLConnectionOperation.m in Sources */ = {isa = PBXBuildFile; fileRef = F447190C17AEB79B007D012F /* AFURLConnectionOperation.m */; settings = {COMPILER_FLAGS = "-fobjc-arc"; }; };
		F447194217AEB79B007D012F /* AFXMLRequestOperation.m in Sources */ = {isa = PBXBuildFile; fileRef = F447190E17AEB79B007D012F /* AFXMLRequestOperation.m */; settings = {COMPILER_FLAGS = "-fobjc-arc"; }; };
		F447194317AEB79B007D012F /* UIImageView+AFNetworking.m in Sources */ = {isa = PBXBuildFile; fileRef = F447191017AEB79B007D012F /* UIImageView+AFNetworking.m */; settings = {COMPILER_FLAGS = "-fobjc-arc"; }; };
		F447194417AEB79B007D012F /* Reachability.m in Sources */ = {isa = PBXBuildFile; fileRef = F447191217AEB79B007D012F /* Reachability.m */; };
		F447194817AEBC1A007D012F /* libz.1.2.5.dylib in Frameworks */ = {isa = PBXBuildFile; fileRef = F447194717AEBC19007D012F /* libz.1.2.5.dylib */; };
		F4D69D8D17ACE6B400C261C9 /* ZHMainViewController.m in Sources */ = {isa = PBXBuildFile; fileRef = F4D69D8B17ACE6B400C261C9 /* ZHMainViewController.m */; };
		F4D69D8E17ACE6B400C261C9 /* ZHMainViewController.xib in Resources */ = {isa = PBXBuildFile; fileRef = F4D69D8C17ACE6B400C261C9 /* ZHMainViewController.xib */; };
/* End PBXBuildFile section */

/* Begin PBXFileReference section */
		100BB95D17A8DF29000E00A7 /* NetWork.app */ = {isa = PBXFileReference; explicitFileType = wrapper.application; includeInIndex = 0; path = NetWork.app; sourceTree = BUILT_PRODUCTS_DIR; };
		100BB96017A8DF29000E00A7 /* UIKit.framework */ = {isa = PBXFileReference; lastKnownFileType = wrapper.framework; name = UIKit.framework; path = System/Library/Frameworks/UIKit.framework; sourceTree = SDKROOT; };
		100BB96217A8DF29000E00A7 /* Foundation.framework */ = {isa = PBXFileReference; lastKnownFileType = wrapper.framework; name = Foundation.framework; path = System/Library/Frameworks/Foundation.framework; sourceTree = SDKROOT; };
		100BB96417A8DF29000E00A7 /* CoreGraphics.framework */ = {isa = PBXFileReference; lastKnownFileType = wrapper.framework; name = CoreGraphics.framework; path = System/Library/Frameworks/CoreGraphics.framework; sourceTree = SDKROOT; };
		100BB96817A8DF29000E00A7 /* NetWork-Info.plist */ = {isa = PBXFileReference; lastKnownFileType = text.plist.xml; path = "NetWork-Info.plist"; sourceTree = "<group>"; };
		100BB96A17A8DF29000E00A7 /* en */ = {isa = PBXFileReference; lastKnownFileType = text.plist.strings; name = en; path = en.lproj/InfoPlist.strings; sourceTree = "<group>"; };
		100BB96C17A8DF29000E00A7 /* main.m */ = {isa = PBXFileReference; lastKnownFileType = sourcecode.c.objc; path = main.m; sourceTree = "<group>"; };
		100BB96E17A8DF29000E00A7 /* NetWork-Prefix.pch */ = {isa = PBXFileReference; lastKnownFileType = sourcecode.c.h; path = "NetWork-Prefix.pch"; sourceTree = "<group>"; };
		100BB96F17A8DF29000E00A7 /* ZHAppDelegate.h */ = {isa = PBXFileReference; lastKnownFileType = sourcecode.c.h; path = ZHAppDelegate.h; sourceTree = "<group>"; };
		100BB97017A8DF29000E00A7 /* ZHAppDelegate.m */ = {isa = PBXFileReference; lastKnownFileType = sourcecode.c.objc; path = ZHAppDelegate.m; sourceTree = "<group>"; };
		100BB97217A8DF29000E00A7 /* Default.png */ = {isa = PBXFileReference; lastKnownFileType = image.png; path = Default.png; sourceTree = "<group>"; };
		100BB97417A8DF29000E00A7 /* Default@2x.png */ = {isa = PBXFileReference; lastKnownFileType = image.png; path = "Default@2x.png"; sourceTree = "<group>"; };
		100BB97617A8DF29000E00A7 /* Default-568h@2x.png */ = {isa = PBXFileReference; lastKnownFileType = image.png; path = "Default-568h@2x.png"; sourceTree = "<group>"; };
		100BB97817A8DF29000E00A7 /* ZHViewController.h */ = {isa = PBXFileReference; lastKnownFileType = sourcecode.c.h; path = ZHViewController.h; sourceTree = "<group>"; };
		100BB97917A8DF29000E00A7 /* ZHViewController.m */ = {isa = PBXFileReference; lastKnownFileType = sourcecode.c.objc; path = ZHViewController.m; sourceTree = "<group>"; };
		100BB97C17A8DF29000E00A7 /* en */ = {isa = PBXFileReference; lastKnownFileType = file.xib; name = en; path = en.lproj/ZHViewController.xib; sourceTree = "<group>"; };
		100BB9A017A8E0BB000E00A7 /* CFNetwork.framework */ = {isa = PBXFileReference; lastKnownFileType = wrapper.framework; name = CFNetwork.framework; path = System/Library/Frameworks/CFNetwork.framework; sourceTree = SDKROOT; };
		100BB9A217A8E0C5000E00A7 /* SystemConfiguration.framework */ = {isa = PBXFileReference; lastKnownFileType = wrapper.framework; name = SystemConfiguration.framework; path = System/Library/Frameworks/SystemConfiguration.framework; sourceTree = SDKROOT; };
		100BB9A417A8E0CB000E00A7 /* Security.framework */ = {isa = PBXFileReference; lastKnownFileType = wrapper.framework; name = Security.framework; path = System/Library/Frameworks/Security.framework; sourceTree = SDKROOT; };
		100BB9A617A8E0D1000E00A7 /* MobileCoreServices.framework */ = {isa = PBXFileReference; lastKnownFileType = wrapper.framework; name = MobileCoreServices.framework; path = System/Library/Frameworks/MobileCoreServices.framework; sourceTree = SDKROOT; };
		10590D7117AF54BE0041E485 /* NetWork copy.app */ = {isa = PBXFileReference; explicitFileType = wrapper.application; includeInIndex = 0; path = "NetWork copy.app"; sourceTree = BUILT_PRODUCTS_DIR; };
		10590D7217AF54BF0041E485 /* NetWork copy-Info.plist */ = {isa = PBXFileReference; lastKnownFileType = text.plist.xml; name = "NetWork copy-Info.plist"; path = "/Users/mbp/Documents/github/network/NetWork copy-Info.plist"; sourceTree = "<absolute>"; };
		10590D7817AF74C30041E485 /* CCLog.h */ = {isa = PBXFileReference; fileEncoding = 4; lastKnownFileType = sourcecode.c.h; path = CCLog.h; sourceTree = "<group>"; };
		10590D7917AF7D2B0041E485 /* JSONKit.h */ = {isa = PBXFileReference; fileEncoding = 4; lastKnownFileType = sourcecode.c.h; path = JSONKit.h; sourceTree = "<group>"; };
		10590D7A17AF7D2B0041E485 /* JSONKit.m */ = {isa = PBXFileReference; fileEncoding = 4; lastKnownFileType = sourcecode.c.objc; path = JSONKit.m; sourceTree = "<group>"; };
		10590D7D17AFA2660041E485 /* NSDate+Helper.h */ = {isa = PBXFileReference; fileEncoding = 4; lastKnownFileType = sourcecode.c.h; path = "NSDate+Helper.h"; sourceTree = "<group>"; };
		10590D7E17AFA2670041E485 /* NSDate+Helper.m */ = {isa = PBXFileReference; fileEncoding = 4; lastKnownFileType = sourcecode.c.objc; path = "NSDate+Helper.m"; sourceTree = "<group>"; };
		106DF17717B1040400DDEEB9 /* JDY_ItemManagement.h */ = {isa = PBXFileReference; fileEncoding = 4; lastKnownFileType = sourcecode.c.h; path = JDY_ItemManagement.h; sourceTree = "<group>"; };
		106DF17817B1040400DDEEB9 /* JDY_MsgCenterManagement.h */ = {isa = PBXFileReference; fileEncoding = 4; lastKnownFileType = sourcecode.c.h; path = JDY_MsgCenterManagement.h; sourceTree = "<group>"; };
		106DF17917B1040400DDEEB9 /* JDY_PlugInEntry.h */ = {isa = PBXFileReference; fileEncoding = 4; lastKnownFileType = sourcecode.c.h; path = JDY_PlugInEntry.h; sourceTree = "<group>"; };
		106DF17A17B1040400DDEEB9 /* JDY_Protocol.h */ = {isa = PBXFileReference; fileEncoding = 4; lastKnownFileType = sourcecode.c.h; path = JDY_Protocol.h; sourceTree = "<group>"; };
		106DF17B17B1040400DDEEB9 /* JDY_ProtocolConstants.h */ = {isa = PBXFileReference; fileEncoding = 4; lastKnownFileType = sourcecode.c.h; path = JDY_ProtocolConstants.h; sourceTree = "<group>"; };
		106DF17C17B1040400DDEEB9 /* JDY_TradeManagement.h */ = {isa = PBXFileReference; fileEncoding = 4; lastKnownFileType = sourcecode.c.h; path = JDY_TradeManagement.h; sourceTree = "<group>"; };
		106DF17D17B1040400DDEEB9 /* JDY_WangWangCommunication.h */ = {isa = PBXFileReference; fileEncoding = 4; lastKnownFileType = sourcecode.c.h; path = JDY_WangWangCommunication.h; sourceTree = "<group>"; };
		106DF17E17B1040400DDEEB9 /* libTOPIOSSdk.a */ = {isa = PBXFileReference; lastKnownFileType = archive.ar; path = libTOPIOSSdk.a; sourceTree = "<group>"; };
		106DF17F17B1040400DDEEB9 /* libTOPIOSSdk.s.a */ = {isa = PBXFileReference; lastKnownFileType = archive.ar; path = libTOPIOSSdk.s.a; sourceTree = "<group>"; };
		106DF18017B1040400DDEEB9 /* TopApiResponse.h */ = {isa = PBXFileReference; fileEncoding = 4; lastKnownFileType = sourcecode.c.h; path = TopApiResponse.h; sourceTree = "<group>"; };
		106DF18117B1040400DDEEB9 /* TopAppConnector.h */ = {isa = PBXFileReference; fileEncoding = 4; lastKnownFileType = sourcecode.c.h; path = TopAppConnector.h; sourceTree = "<group>"; };
		106DF18217B1040400DDEEB9 /* TopAppEntity.h */ = {isa = PBXFileReference; fileEncoding = 4; lastKnownFileType = sourcecode.c.h; path = TopAppEntity.h; sourceTree = "<group>"; };
		106DF18317B1040400DDEEB9 /* TopAppEvent.h */ = {isa = PBXFileReference; fileEncoding = 4; lastKnownFileType = sourcecode.c.h; path = TopAppEvent.h; sourceTree = "<group>"; };
		106DF18417B1040400DDEEB9 /* TopAppService.h */ = {isa = PBXFileReference; fileEncoding = 4; lastKnownFileType = sourcecode.c.h; path = TopAppService.h; sourceTree = "<group>"; };
		106DF18517B1040400DDEEB9 /* TopAppSession.h */ = {isa = PBXFileReference; fileEncoding = 4; lastKnownFileType = sourcecode.c.h; path = TopAppSession.h; sourceTree = "<group>"; };
		106DF18617B1040400DDEEB9 /* TopAttachment.h */ = {isa = PBXFileReference; fileEncoding = 4; lastKnownFileType = sourcecode.c.h; path = TopAttachment.h; sourceTree = "<group>"; };
		106DF18717B1040400DDEEB9 /* TopAuth.h */ = {isa = PBXFileReference; fileEncoding = 4; lastKnownFileType = sourcecode.c.h; path = TopAuth.h; sourceTree = "<group>"; };
		106DF18817B1040400DDEEB9 /* TopAuthCallback.h */ = {isa = PBXFileReference; fileEncoding = 4; lastKnownFileType = sourcecode.c.h; path = TopAuthCallback.h; sourceTree = "<group>"; };
		106DF18917B1040400DDEEB9 /* TopBridgeWebview.h */ = {isa = PBXFileReference; fileEncoding = 4; lastKnownFileType = sourcecode.c.h; path = TopBridgeWebview.h; sourceTree = "<group>"; };
		106DF18A17B1040400DDEEB9 /* TopConstants.h */ = {isa = PBXFileReference; fileEncoding = 4; lastKnownFileType = sourcecode.c.h; path = TopConstants.h; sourceTree = "<group>"; };
		106DF18B17B1040400DDEEB9 /* TopCrashHandler.h */ = {isa = PBXFileReference; fileEncoding = 4; lastKnownFileType = sourcecode.c.h; path = TopCrashHandler.h; sourceTree = "<group>"; };
		106DF18C17B1040400DDEEB9 /* TopEventCallback.h */ = {isa = PBXFileReference; fileEncoding = 4; lastKnownFileType = sourcecode.c.h; path = TopEventCallback.h; sourceTree = "<group>"; };
		106DF18D17B1040400DDEEB9 /* TopIOSClient.h */ = {isa = PBXFileReference; fileEncoding = 4; lastKnownFileType = sourcecode.c.h; path = TopIOSClient.h; sourceTree = "<group>"; };
		106DF18E17B1040400DDEEB9 /* TopIOSSdk.h */ = {isa = PBXFileReference; fileEncoding = 4; lastKnownFileType = sourcecode.c.h; path = TopIOSSdk.h; sourceTree = "<group>"; };
		106DF18F17B1040400DDEEB9 /* TopIOSSdkExt.h */ = {isa = PBXFileReference; fileEncoding = 4; lastKnownFileType = sourcecode.c.h; path = TopIOSSdkExt.h; sourceTree = "<group>"; };
		106DF19017B1040400DDEEB9 /* TopIOSUtil.h */ = {isa = PBXFileReference; fileEncoding = 4; lastKnownFileType = sourcecode.c.h; path = TopIOSUtil.h; sourceTree = "<group>"; };
		106DF19117B1040400DDEEB9 /* TopPluginServiceType.h */ = {isa = PBXFileReference; fileEncoding = 4; lastKnownFileType = sourcecode.c.h; path = TopPluginServiceType.h; sourceTree = "<group>"; };
		106DF19217B1040400DDEEB9 /* TopSDKBundle.h */ = {isa = PBXFileReference; fileEncoding = 4; lastKnownFileType = sourcecode.c.h; path = TopSDKBundle.h; sourceTree = "<group>"; };
		106DF19317B1040400DDEEB9 /* TopSellerPlatformModule.h */ = {isa = PBXFileReference; fileEncoding = 4; lastKnownFileType = sourcecode.c.h; path = TopSellerPlatformModule.h; sourceTree = "<group>"; };
		106DF19417B1040400DDEEB9 /* TopServiceError.h */ = {isa = PBXFileReference; fileEncoding = 4; lastKnownFileType = sourcecode.c.h; path = TopServiceError.h; sourceTree = "<group>"; };
		106DF19517B1040400DDEEB9 /* TopSimpleCache.h */ = {isa = PBXFileReference; fileEncoding = 4; lastKnownFileType = sourcecode.c.h; path = TopSimpleCache.h; sourceTree = "<group>"; };
		106DF19617B1040400DDEEB9 /* TopToolBar.h */ = {isa = PBXFileReference; fileEncoding = 4; lastKnownFileType = sourcecode.c.h; path = TopToolBar.h; sourceTree = "<group>"; };
		106DF19717B1040400DDEEB9 /* TopTracker.h */ = {isa = PBXFileReference; fileEncoding = 4; lastKnownFileType = sourcecode.c.h; path = TopTracker.h; sourceTree = "<group>"; };
		108B376A17ABAAD2008FFC2B /* Message.h */ = {isa = PBXFileReference; fileEncoding = 4; lastKnownFileType = sourcecode.c.h; path = Message.h; sourceTree = "<group>"; };
		108B376B17ABAAD2008FFC2B /* Message.m */ = {isa = PBXFileReference; fileEncoding = 4; lastKnownFileType = sourcecode.c.objc; path = Message.m; sourceTree = "<group>"; };
		108B376C17ABAAD2008FFC2B /* NetWork.h */ = {isa = PBXFileReference; fileEncoding = 4; lastKnownFileType = sourcecode.c.h; path = NetWork.h; sourceTree = "<group>"; };
		108B376D17ABAAD2008FFC2B /* NetWork.m */ = {isa = PBXFileReference; fileEncoding = 4; lastKnownFileType = sourcecode.c.objc; path = NetWork.m; sourceTree = "<group>"; };
		108B376E17ABAAD2008FFC2B /* User.h */ = {isa = PBXFileReference; fileEncoding = 4; lastKnownFileType = sourcecode.c.h; path = User.h; sourceTree = "<group>"; };
		108B376F17ABAAD2008FFC2B /* User.m */ = {isa = PBXFileReference; fileEncoding = 4; lastKnownFileType = sourcecode.c.objc; path = User.m; sourceTree = "<group>"; };
		108B377317ABAB25008FFC2B /* Common.h */ = {isa = PBXFileReference; fileEncoding = 4; lastKnownFileType = sourcecode.c.h; path = Common.h; sourceTree = "<group>"; };
		108B377617ABABA5008FFC2B /* Button.h */ = {isa = PBXFileReference; fileEncoding = 4; lastKnownFileType = sourcecode.c.h; path = Button.h; sourceTree = "<group>"; };
		108B377717ABABA5008FFC2B /* Button.m */ = {isa = PBXFileReference; fileEncoding = 4; lastKnownFileType = sourcecode.c.objc; path = Button.m; sourceTree = "<group>"; };
		108B377917ABABB1008FFC2B /* ImageView.h */ = {isa = PBXFileReference; fileEncoding = 4; lastKnownFileType = sourcecode.c.h; path = ImageView.h; sourceTree = "<group>"; };
		108B377A17ABABB1008FFC2B /* ImageView.m */ = {isa = PBXFileReference; fileEncoding = 4; lastKnownFileType = sourcecode.c.objc; path = ImageView.m; sourceTree = "<group>"; };
		108B377C17ABABE2008FFC2B /* CommonMethod.h */ = {isa = PBXFileReference; fileEncoding = 4; lastKnownFileType = sourcecode.c.h; path = CommonMethod.h; sourceTree = "<group>"; };
		108B377D17ABABE2008FFC2B /* CommonMethod.m */ = {isa = PBXFileReference; fileEncoding = 4; lastKnownFileType = sourcecode.c.objc; path = CommonMethod.m; sourceTree = "<group>"; };
		108B377F17ABBC84008FFC2B /* Unit.h */ = {isa = PBXFileReference; fileEncoding = 4; lastKnownFileType = sourcecode.c.h; path = Unit.h; sourceTree = "<group>"; };
		F44718C917AE4BD2007D012F /* Session.h */ = {isa = PBXFileReference; fileEncoding = 4; lastKnownFileType = sourcecode.c.h; path = Session.h; sourceTree = "<group>"; };
		F44718CA17AE4BD2007D012F /* Session.m */ = {isa = PBXFileReference; fileEncoding = 4; lastKnownFileType = sourcecode.c.objc; path = Session.m; sourceTree = "<group>"; };
		F44718CC17AE50F8007D012F /* README.md */ = {isa = PBXFileReference; fileEncoding = 4; lastKnownFileType = text; path = README.md; sourceTree = SOURCE_ROOT; };
		F44718CE17AEB184007D012F /* String.h */ = {isa = PBXFileReference; fileEncoding = 4; lastKnownFileType = sourcecode.c.h; path = String.h; sourceTree = "<group>"; };
		F44718FE17AEB79B007D012F /* AFHTTPClient.h */ = {isa = PBXFileReference; fileEncoding = 4; lastKnownFileType = sourcecode.c.h; path = AFHTTPClient.h; sourceTree = "<group>"; };
		F44718FF17AEB79B007D012F /* AFHTTPClient.m */ = {isa = PBXFileReference; fileEncoding = 4; lastKnownFileType = sourcecode.c.objc; path = AFHTTPClient.m; sourceTree = "<group>"; };
		F447190017AEB79B007D012F /* AFHTTPRequestOperation.h */ = {isa = PBXFileReference; fileEncoding = 4; lastKnownFileType = sourcecode.c.h; path = AFHTTPRequestOperation.h; sourceTree = "<group>"; };
		F447190117AEB79B007D012F /* AFHTTPRequestOperation.m */ = {isa = PBXFileReference; fileEncoding = 4; lastKnownFileType = sourcecode.c.objc; path = AFHTTPRequestOperation.m; sourceTree = "<group>"; };
		F447190217AEB79B007D012F /* AFImageRequestOperation.h */ = {isa = PBXFileReference; fileEncoding = 4; lastKnownFileType = sourcecode.c.h; path = AFImageRequestOperation.h; sourceTree = "<group>"; };
		F447190317AEB79B007D012F /* AFImageRequestOperation.m */ = {isa = PBXFileReference; fileEncoding = 4; lastKnownFileType = sourcecode.c.objc; path = AFImageRequestOperation.m; sourceTree = "<group>"; };
		F447190417AEB79B007D012F /* AFJSONRequestOperation.h */ = {isa = PBXFileReference; fileEncoding = 4; lastKnownFileType = sourcecode.c.h; path = AFJSONRequestOperation.h; sourceTree = "<group>"; };
		F447190517AEB79B007D012F /* AFJSONRequestOperation.m */ = {isa = PBXFileReference; fileEncoding = 4; lastKnownFileType = sourcecode.c.objc; path = AFJSONRequestOperation.m; sourceTree = "<group>"; };
		F447190617AEB79B007D012F /* AFNetworkActivityIndicatorManager.h */ = {isa = PBXFileReference; fileEncoding = 4; lastKnownFileType = sourcecode.c.h; path = AFNetworkActivityIndicatorManager.h; sourceTree = "<group>"; };
		F447190717AEB79B007D012F /* AFNetworkActivityIndicatorManager.m */ = {isa = PBXFileReference; fileEncoding = 4; lastKnownFileType = sourcecode.c.objc; path = AFNetworkActivityIndicatorManager.m; sourceTree = "<group>"; };
		F447190817AEB79B007D012F /* AFNetworking.h */ = {isa = PBXFileReference; fileEncoding = 4; lastKnownFileType = sourcecode.c.h; path = AFNetworking.h; sourceTree = "<group>"; };
		F447190917AEB79B007D012F /* AFPropertyListRequestOperation.h */ = {isa = PBXFileReference; fileEncoding = 4; lastKnownFileType = sourcecode.c.h; path = AFPropertyListRequestOperation.h; sourceTree = "<group>"; };
		F447190A17AEB79B007D012F /* AFPropertyListRequestOperation.m */ = {isa = PBXFileReference; fileEncoding = 4; lastKnownFileType = sourcecode.c.objc; path = AFPropertyListRequestOperation.m; sourceTree = "<group>"; };
		F447190B17AEB79B007D012F /* AFURLConnectionOperation.h */ = {isa = PBXFileReference; fileEncoding = 4; lastKnownFileType = sourcecode.c.h; path = AFURLConnectionOperation.h; sourceTree = "<group>"; };
		F447190C17AEB79B007D012F /* AFURLConnectionOperation.m */ = {isa = PBXFileReference; fileEncoding = 4; lastKnownFileType = sourcecode.c.objc; path = AFURLConnectionOperation.m; sourceTree = "<group>"; };
		F447190D17AEB79B007D012F /* AFXMLRequestOperation.h */ = {isa = PBXFileReference; fileEncoding = 4; lastKnownFileType = sourcecode.c.h; path = AFXMLRequestOperation.h; sourceTree = "<group>"; };
		F447190E17AEB79B007D012F /* AFXMLRequestOperation.m */ = {isa = PBXFileReference; fileEncoding = 4; lastKnownFileType = sourcecode.c.objc; path = AFXMLRequestOperation.m; sourceTree = "<group>"; };
		F447190F17AEB79B007D012F /* UIImageView+AFNetworking.h */ = {isa = PBXFileReference; fileEncoding = 4; lastKnownFileType = sourcecode.c.h; path = "UIImageView+AFNetworking.h"; sourceTree = "<group>"; };
		F447191017AEB79B007D012F /* UIImageView+AFNetworking.m */ = {isa = PBXFileReference; fileEncoding = 4; lastKnownFileType = sourcecode.c.objc; path = "UIImageView+AFNetworking.m"; sourceTree = "<group>"; };
		F447191117AEB79B007D012F /* Reachability.h */ = {isa = PBXFileReference; fileEncoding = 4; lastKnownFileType = sourcecode.c.h; path = Reachability.h; sourceTree = "<group>"; };
		F447191217AEB79B007D012F /* Reachability.m */ = {isa = PBXFileReference; fileEncoding = 4; lastKnownFileType = sourcecode.c.objc; path = Reachability.m; sourceTree = "<group>"; };
		F447194717AEBC19007D012F /* libz.1.2.5.dylib */ = {isa = PBXFileReference; lastKnownFileType = "compiled.mach-o.dylib"; name = libz.1.2.5.dylib; path = usr/lib/libz.1.2.5.dylib; sourceTree = SDKROOT; };
		F4D69D8A17ACE6B400C261C9 /* ZHMainViewController.h */ = {isa = PBXFileReference; fileEncoding = 4; lastKnownFileType = sourcecode.c.h; name = ZHMainViewController.h; path = ViewController/ZHMainViewController.h; sourceTree = "<group>"; };
		F4D69D8B17ACE6B400C261C9 /* ZHMainViewController.m */ = {isa = PBXFileReference; fileEncoding = 4; lastKnownFileType = sourcecode.c.objc; name = ZHMainViewController.m; path = ViewController/ZHMainViewController.m; sourceTree = "<group>"; };
		F4D69D8C17ACE6B400C261C9 /* ZHMainViewController.xib */ = {isa = PBXFileReference; fileEncoding = 4; lastKnownFileType = file.xib; name = ZHMainViewController.xib; path = ViewController/ZHMainViewController.xib; sourceTree = "<group>"; };
/* End PBXFileReference section */

/* Begin PBXFrameworksBuildPhase section */
		100BB95A17A8DF29000E00A7 /* Frameworks */ = {
			isa = PBXFrameworksBuildPhase;
			buildActionMask = 2147483647;
			files = (
				F447194817AEBC1A007D012F /* libz.1.2.5.dylib in Frameworks */,
				100BB9A317A8E0C5000E00A7 /* SystemConfiguration.framework in Frameworks */,
				100BB9A717A8E0D1000E00A7 /* MobileCoreServices.framework in Frameworks */,
				100BB9A517A8E0CC000E00A7 /* Security.framework in Frameworks */,
				100BB9A117A8E0BB000E00A7 /* CFNetwork.framework in Frameworks */,
				100BB96117A8DF29000E00A7 /* UIKit.framework in Frameworks */,
				100BB96317A8DF29000E00A7 /* Foundation.framework in Frameworks */,
				100BB96517A8DF29000E00A7 /* CoreGraphics.framework in Frameworks */,
				10EFA35617B1073900C63E91 /* libTOPIOSSdk.s.a in Frameworks */,
			);
			runOnlyForDeploymentPostprocessing = 0;
		};
		10590D5C17AF54BE0041E485 /* Frameworks */ = {
			isa = PBXFrameworksBuildPhase;
			buildActionMask = 2147483647;
			files = (
				10590D5D17AF54BE0041E485 /* libz.1.2.5.dylib in Frameworks */,
				10590D5E17AF54BE0041E485 /* SystemConfiguration.framework in Frameworks */,
				10590D5F17AF54BE0041E485 /* MobileCoreServices.framework in Frameworks */,
				10590D6017AF54BE0041E485 /* Security.framework in Frameworks */,
				10590D6117AF54BE0041E485 /* CFNetwork.framework in Frameworks */,
				10590D6217AF54BE0041E485 /* UIKit.framework in Frameworks */,
				10590D6317AF54BE0041E485 /* Foundation.framework in Frameworks */,
				10590D6417AF54BE0041E485 /* CoreGraphics.framework in Frameworks */,
			);
			runOnlyForDeploymentPostprocessing = 0;
		};
/* End PBXFrameworksBuildPhase section */

/* Begin PBXGroup section */
		100BB95417A8DF29000E00A7 = {
			isa = PBXGroup;
			children = (
				F447194717AEBC19007D012F /* libz.1.2.5.dylib */,
				100BB96617A8DF29000E00A7 /* NetWork */,
				100BB96717A8DF29000E00A7 /* Supporting Files */,
				100BB95F17A8DF29000E00A7 /* Frameworks */,
				100BB95E17A8DF29000E00A7 /* Products */,
				10590D7217AF54BF0041E485 /* NetWork copy-Info.plist */,
			);
			sourceTree = "<group>";
		};
		100BB95E17A8DF29000E00A7 /* Products */ = {
			isa = PBXGroup;
			children = (
				100BB95D17A8DF29000E00A7 /* NetWork.app */,
				10590D7117AF54BE0041E485 /* NetWork copy.app */,
			);
			name = Products;
			sourceTree = "<group>";
		};
		100BB95F17A8DF29000E00A7 /* Frameworks */ = {
			isa = PBXGroup;
			children = (
				F44718FC17AEB79B007D012F /* Other frameworks */,
				100BB9A617A8E0D1000E00A7 /* MobileCoreServices.framework */,
				100BB9A417A8E0CB000E00A7 /* Security.framework */,
				100BB9A217A8E0C5000E00A7 /* SystemConfiguration.framework */,
				100BB9A017A8E0BB000E00A7 /* CFNetwork.framework */,
				100BB96017A8DF29000E00A7 /* UIKit.framework */,
				100BB96217A8DF29000E00A7 /* Foundation.framework */,
				100BB96417A8DF29000E00A7 /* CoreGraphics.framework */,
			);
			name = Frameworks;
			sourceTree = "<group>";
		};
		100BB96617A8DF29000E00A7 /* NetWork */ = {
			isa = PBXGroup;
			children = (
				108B376917ABAAD2008FFC2B /* Unit */,
				100BB96F17A8DF29000E00A7 /* ZHAppDelegate.h */,
				100BB97017A8DF29000E00A7 /* ZHAppDelegate.m */,
				F4D69D8F17ACE6BE00C261C9 /* ViewController */,
			);
			path = NetWork;
			sourceTree = "<group>";
		};
		100BB96717A8DF29000E00A7 /* Supporting Files */ = {
			isa = PBXGroup;
			children = (
				F44718CC17AE50F8007D012F /* README.md */,
				100BB96817A8DF29000E00A7 /* NetWork-Info.plist */,
				100BB96917A8DF29000E00A7 /* InfoPlist.strings */,
				100BB96C17A8DF29000E00A7 /* main.m */,
				100BB96E17A8DF29000E00A7 /* NetWork-Prefix.pch */,
				100BB97217A8DF29000E00A7 /* Default.png */,
				100BB97417A8DF29000E00A7 /* Default@2x.png */,
				100BB97617A8DF29000E00A7 /* Default-568h@2x.png */,
			);
			name = "Supporting Files";
			path = NetWork;
			sourceTree = "<group>";
		};
		10590D8117AFAEBA0041E485 /* other */ = {
			isa = PBXGroup;
			children = (
				10590D7817AF74C30041E485 /* CCLog.h */,
				10590D7D17AFA2660041E485 /* NSDate+Helper.h */,
				10590D7E17AFA2670041E485 /* NSDate+Helper.m */,
			);
			name = other;
			sourceTree = "<group>";
		};
		106DF17617B1040400DDEEB9 /* topsdk */ = {
			isa = PBXGroup;
			children = (
				106DF17717B1040400DDEEB9 /* JDY_ItemManagement.h */,
				106DF17817B1040400DDEEB9 /* JDY_MsgCenterManagement.h */,
				106DF17917B1040400DDEEB9 /* JDY_PlugInEntry.h */,
				106DF17A17B1040400DDEEB9 /* JDY_Protocol.h */,
				106DF17B17B1040400DDEEB9 /* JDY_ProtocolConstants.h */,
				106DF17C17B1040400DDEEB9 /* JDY_TradeManagement.h */,
				106DF17D17B1040400DDEEB9 /* JDY_WangWangCommunication.h */,
				106DF17E17B1040400DDEEB9 /* libTOPIOSSdk.a */,
				106DF17F17B1040400DDEEB9 /* libTOPIOSSdk.s.a */,
				106DF18017B1040400DDEEB9 /* TopApiResponse.h */,
				106DF18117B1040400DDEEB9 /* TopAppConnector.h */,
				106DF18217B1040400DDEEB9 /* TopAppEntity.h */,
				106DF18317B1040400DDEEB9 /* TopAppEvent.h */,
				106DF18417B1040400DDEEB9 /* TopAppService.h */,
				106DF18517B1040400DDEEB9 /* TopAppSession.h */,
				106DF18617B1040400DDEEB9 /* TopAttachment.h */,
				106DF18717B1040400DDEEB9 /* TopAuth.h */,
				106DF18817B1040400DDEEB9 /* TopAuthCallback.h */,
				106DF18917B1040400DDEEB9 /* TopBridgeWebview.h */,
				106DF18A17B1040400DDEEB9 /* TopConstants.h */,
				106DF18B17B1040400DDEEB9 /* TopCrashHandler.h */,
				106DF18C17B1040400DDEEB9 /* TopEventCallback.h */,
				106DF18D17B1040400DDEEB9 /* TopIOSClient.h */,
				106DF18E17B1040400DDEEB9 /* TopIOSSdk.h */,
				106DF18F17B1040400DDEEB9 /* TopIOSSdkExt.h */,
				106DF19017B1040400DDEEB9 /* TopIOSUtil.h */,
				106DF19117B1040400DDEEB9 /* TopPluginServiceType.h */,
				106DF19217B1040400DDEEB9 /* TopSDKBundle.h */,
				106DF19317B1040400DDEEB9 /* TopSellerPlatformModule.h */,
				106DF19417B1040400DDEEB9 /* TopServiceError.h */,
				106DF19517B1040400DDEEB9 /* TopSimpleCache.h */,
				106DF19617B1040400DDEEB9 /* TopToolBar.h */,
				106DF19717B1040400DDEEB9 /* TopTracker.h */,
			);
			path = topsdk;
			sourceTree = "<group>";
		};
		108B376917ABAAD2008FFC2B /* Unit */ = {
			isa = PBXGroup;
			children = (
				10590D8117AFAEBA0041E485 /* other */,
				108B377317ABAB25008FFC2B /* Common.h */,
				108B377F17ABBC84008FFC2B /* Unit.h */,
				F44718CE17AEB184007D012F /* String.h */,
				F44718C917AE4BD2007D012F /* Session.h */,
				F44718CA17AE4BD2007D012F /* Session.m */,
				108B376A17ABAAD2008FFC2B /* Message.h */,
				108B376B17ABAAD2008FFC2B /* Message.m */,
				108B376C17ABAAD2008FFC2B /* NetWork.h */,
				108B376D17ABAAD2008FFC2B /* NetWork.m */,
				108B376E17ABAAD2008FFC2B /* User.h */,
				108B376F17ABAAD2008FFC2B /* User.m */,
				108B377617ABABA5008FFC2B /* Button.h */,
				108B377717ABABA5008FFC2B /* Button.m */,
				108B377917ABABB1008FFC2B /* ImageView.h */,
				108B377A17ABABB1008FFC2B /* ImageView.m */,
				108B377C17ABABE2008FFC2B /* CommonMethod.h */,
				108B377D17ABABE2008FFC2B /* CommonMethod.m */,
			);
			path = Unit;
			sourceTree = "<group>";
		};
		F44718FC17AEB79B007D012F /* Other frameworks */ = {
			isa = PBXGroup;
			children = (
				106DF17617B1040400DDEEB9 /* topsdk */,
				10590D7917AF7D2B0041E485 /* JSONKit.h */,
				10590D7A17AF7D2B0041E485 /* JSONKit.m */,
				F44718FD17AEB79B007D012F /* AFNetworking */,
				F447191117AEB79B007D012F /* Reachability.h */,
				F447191217AEB79B007D012F /* Reachability.m */,
			);
			name = "Other frameworks";
			path = "NetWork/Other frameworks";
			sourceTree = "<group>";
		};
		F44718FD17AEB79B007D012F /* AFNetworking */ = {
			isa = PBXGroup;
			children = (
				F44718FE17AEB79B007D012F /* AFHTTPClient.h */,
				F44718FF17AEB79B007D012F /* AFHTTPClient.m */,
				F447190017AEB79B007D012F /* AFHTTPRequestOperation.h */,
				F447190117AEB79B007D012F /* AFHTTPRequestOperation.m */,
				F447190217AEB79B007D012F /* AFImageRequestOperation.h */,
				F447190317AEB79B007D012F /* AFImageRequestOperation.m */,
				F447190417AEB79B007D012F /* AFJSONRequestOperation.h */,
				F447190517AEB79B007D012F /* AFJSONRequestOperation.m */,
				F447190617AEB79B007D012F /* AFNetworkActivityIndicatorManager.h */,
				F447190717AEB79B007D012F /* AFNetworkActivityIndicatorManager.m */,
				F447190817AEB79B007D012F /* AFNetworking.h */,
				F447190917AEB79B007D012F /* AFPropertyListRequestOperation.h */,
				F447190A17AEB79B007D012F /* AFPropertyListRequestOperation.m */,
				F447190B17AEB79B007D012F /* AFURLConnectionOperation.h */,
				F447190C17AEB79B007D012F /* AFURLConnectionOperation.m */,
				F447190D17AEB79B007D012F /* AFXMLRequestOperation.h */,
				F447190E17AEB79B007D012F /* AFXMLRequestOperation.m */,
				F447190F17AEB79B007D012F /* UIImageView+AFNetworking.h */,
				F447191017AEB79B007D012F /* UIImageView+AFNetworking.m */,
			);
			path = AFNetworking;
			sourceTree = "<group>";
		};
		F4D69D8F17ACE6BE00C261C9 /* ViewController */ = {
			isa = PBXGroup;
			children = (
				100BB97817A8DF29000E00A7 /* ZHViewController.h */,
				100BB97917A8DF29000E00A7 /* ZHViewController.m */,
				100BB97B17A8DF29000E00A7 /* ZHViewController.xib */,
				F4D69D8A17ACE6B400C261C9 /* ZHMainViewController.h */,
				F4D69D8B17ACE6B400C261C9 /* ZHMainViewController.m */,
				F4D69D8C17ACE6B400C261C9 /* ZHMainViewController.xib */,
			);
			name = ViewController;
			sourceTree = "<group>";
		};
/* End PBXGroup section */

/* Begin PBXNativeTarget section */
		100BB95C17A8DF29000E00A7 /* NetWork */ = {
			isa = PBXNativeTarget;
			buildConfigurationList = 100BB98017A8DF29000E00A7 /* Build configuration list for PBXNativeTarget "NetWork" */;
			buildPhases = (
				100BB95917A8DF29000E00A7 /* Sources */,
				100BB95A17A8DF29000E00A7 /* Frameworks */,
				100BB95B17A8DF29000E00A7 /* Resources */,
			);
			buildRules = (
			);
			dependencies = (
			);
			name = NetWork;
			productName = NetWork;
			productReference = 100BB95D17A8DF29000E00A7 /* NetWork.app */;
			productType = "com.apple.product-type.application";
		};
		10590D4517AF54BE0041E485 /* NetWork V1 */ = {
			isa = PBXNativeTarget;
			buildConfigurationList = 10590D6E17AF54BE0041E485 /* Build configuration list for PBXNativeTarget "NetWork V1" */;
			buildPhases = (
				10590D4617AF54BE0041E485 /* Sources */,
				10590D5C17AF54BE0041E485 /* Frameworks */,
				10590D6617AF54BE0041E485 /* Resources */,
			);
			buildRules = (
			);
			dependencies = (
			);
			name = "NetWork V1";
			productName = NetWork;
			productReference = 10590D7117AF54BE0041E485 /* NetWork copy.app */;
			productType = "com.apple.product-type.application";
		};
/* End PBXNativeTarget section */

/* Begin PBXProject section */
		100BB95517A8DF29000E00A7 /* Project object */ = {
			isa = PBXProject;
			attributes = {
				CLASSPREFIX = ZH;
				LastUpgradeCheck = 0460;
				ORGANIZATIONNAME = "zeng hui";
			};
			buildConfigurationList = 100BB95817A8DF29000E00A7 /* Build configuration list for PBXProject "NetWork" */;
			compatibilityVersion = "Xcode 3.2";
			developmentRegion = English;
			hasScannedForEncodings = 0;
			knownRegions = (
				en,
			);
			mainGroup = 100BB95417A8DF29000E00A7;
			productRefGroup = 100BB95E17A8DF29000E00A7 /* Products */;
			projectDirPath = "";
			projectRoot = "";
			targets = (
				100BB95C17A8DF29000E00A7 /* NetWork */,
				10590D4517AF54BE0041E485 /* NetWork V1 */,
			);
		};
/* End PBXProject section */

/* Begin PBXResourcesBuildPhase section */
		100BB95B17A8DF29000E00A7 /* Resources */ = {
			isa = PBXResourcesBuildPhase;
			buildActionMask = 2147483647;
			files = (
				100BB96B17A8DF29000E00A7 /* InfoPlist.strings in Resources */,
				100BB97317A8DF29000E00A7 /* Default.png in Resources */,
				100BB97517A8DF29000E00A7 /* Default@2x.png in Resources */,
				100BB97717A8DF29000E00A7 /* Default-568h@2x.png in Resources */,
				100BB97D17A8DF29000E00A7 /* ZHViewController.xib in Resources */,
				F4D69D8E17ACE6B400C261C9 /* ZHMainViewController.xib in Resources */,
				F44718CD17AE50F8007D012F /* README.md in Resources */,
			);
			runOnlyForDeploymentPostprocessing = 0;
		};
		10590D6617AF54BE0041E485 /* Resources */ = {
			isa = PBXResourcesBuildPhase;
			buildActionMask = 2147483647;
			files = (
				10590D6717AF54BE0041E485 /* InfoPlist.strings in Resources */,
				10590D6817AF54BE0041E485 /* Default.png in Resources */,
				10590D6917AF54BE0041E485 /* Default@2x.png in Resources */,
				10590D6A17AF54BE0041E485 /* Default-568h@2x.png in Resources */,
				10590D6B17AF54BE0041E485 /* ZHViewController.xib in Resources */,
				10590D6C17AF54BE0041E485 /* ZHMainViewController.xib in Resources */,
				10590D6D17AF54BE0041E485 /* README.md in Resources */,
			);
			runOnlyForDeploymentPostprocessing = 0;
		};
/* End PBXResourcesBuildPhase section */

/* Begin PBXSourcesBuildPhase section */
		100BB95917A8DF29000E00A7 /* Sources */ = {
			isa = PBXSourcesBuildPhase;
			buildActionMask = 2147483647;
			files = (
				100BB96D17A8DF29000E00A7 /* main.m in Sources */,
				100BB97117A8DF29000E00A7 /* ZHAppDelegate.m in Sources */,
				100BB97A17A8DF29000E00A7 /* ZHViewController.m in Sources */,
				108B377017ABAAD2008FFC2B /* Message.m in Sources */,
				108B377117ABAAD2008FFC2B /* NetWork.m in Sources */,
				108B377217ABAAD2008FFC2B /* User.m in Sources */,
				108B377817ABABA5008FFC2B /* Button.m in Sources */,
				108B377B17ABABB1008FFC2B /* ImageView.m in Sources */,
				108B377E17ABABE2008FFC2B /* CommonMethod.m in Sources */,
				F4D69D8D17ACE6B400C261C9 /* ZHMainViewController.m in Sources */,
				F44718CB17AE4BD2007D012F /* Session.m in Sources */,
				F447193B17AEB79B007D012F /* AFHTTPClient.m in Sources */,
				F447193C17AEB79B007D012F /* AFHTTPRequestOperation.m in Sources */,
				F447193D17AEB79B007D012F /* AFImageRequestOperation.m in Sources */,
				F447193E17AEB79B007D012F /* AFJSONRequestOperation.m in Sources */,
				F447193F17AEB79B007D012F /* AFNetworkActivityIndicatorManager.m in Sources */,
				F447194017AEB79B007D012F /* AFPropertyListRequestOperation.m in Sources */,
				F447194117AEB79B007D012F /* AFURLConnectionOperation.m in Sources */,
				F447194217AEB79B007D012F /* AFXMLRequestOperation.m in Sources */,
				F447194317AEB79B007D012F /* UIImageView+AFNetworking.m in Sources */,
				F447194417AEB79B007D012F /* Reachability.m in Sources */,
				10590D7F17AFA2670041E485 /* NSDate+Helper.m in Sources */,
			);
			runOnlyForDeploymentPostprocessing = 0;
		};
		10590D4617AF54BE0041E485 /* Sources */ = {
			isa = PBXSourcesBuildPhase;
			buildActionMask = 2147483647;
			files = (
				10590D4717AF54BE0041E485 /* main.m in Sources */,
				10590D4817AF54BE0041E485 /* ZHAppDelegate.m in Sources */,
				10590D4917AF54BE0041E485 /* ZHViewController.m in Sources */,
				10590D4A17AF54BE0041E485 /* Message.m in Sources */,
				10590D4B17AF54BE0041E485 /* NetWork.m in Sources */,
				10590D4C17AF54BE0041E485 /* User.m in Sources */,
				10590D4D17AF54BE0041E485 /* Button.m in Sources */,
				10590D4E17AF54BE0041E485 /* ImageView.m in Sources */,
				10590D4F17AF54BE0041E485 /* CommonMethod.m in Sources */,
				10590D5017AF54BE0041E485 /* ZHMainViewController.m in Sources */,
				10590D5117AF54BE0041E485 /* Session.m in Sources */,
				10590D5217AF54BE0041E485 /* AFHTTPClient.m in Sources */,
				10590D5317AF54BE0041E485 /* AFHTTPRequestOperation.m in Sources */,
				10590D5417AF54BE0041E485 /* AFImageRequestOperation.m in Sources */,
				10590D5517AF54BE0041E485 /* AFJSONRequestOperation.m in Sources */,
				10590D5617AF54BE0041E485 /* AFNetworkActivityIndicatorManager.m in Sources */,
				10590D5717AF54BE0041E485 /* AFPropertyListRequestOperation.m in Sources */,
				10590D5817AF54BE0041E485 /* AFURLConnectionOperation.m in Sources */,
				10590D5917AF54BE0041E485 /* AFXMLRequestOperation.m in Sources */,
				10590D5A17AF54BE0041E485 /* UIImageView+AFNetworking.m in Sources */,
				10590D5B17AF54BE0041E485 /* Reachability.m in Sources */,
				10590D8017AFA2670041E485 /* NSDate+Helper.m in Sources */,
			);
			runOnlyForDeploymentPostprocessing = 0;
		};
/* End PBXSourcesBuildPhase section */

/* Begin PBXVariantGroup section */
		100BB96917A8DF29000E00A7 /* InfoPlist.strings */ = {
			isa = PBXVariantGroup;
			children = (
				100BB96A17A8DF29000E00A7 /* en */,
			);
			name = InfoPlist.strings;
			sourceTree = "<group>";
		};
		100BB97B17A8DF29000E00A7 /* ZHViewController.xib */ = {
			isa = PBXVariantGroup;
			children = (
				100BB97C17A8DF29000E00A7 /* en */,
			);
			name = ZHViewController.xib;
			sourceTree = "<group>";
		};
/* End PBXVariantGroup section */

/* Begin XCBuildConfiguration section */
		100BB97E17A8DF29000E00A7 /* Debug */ = {
			isa = XCBuildConfiguration;
			buildSettings = {
				ALWAYS_SEARCH_USER_PATHS = NO;
				CLANG_CXX_LANGUAGE_STANDARD = "gnu++0x";
				CLANG_CXX_LIBRARY = "libc++";
				CLANG_WARN_CONSTANT_CONVERSION = YES;
				CLANG_WARN_EMPTY_BODY = YES;
				CLANG_WARN_ENUM_CONVERSION = YES;
				CLANG_WARN_INT_CONVERSION = YES;
				CLANG_WARN__DUPLICATE_METHOD_MATCH = YES;
				"CODE_SIGN_IDENTITY[sdk=iphoneos*]" = "iPhone Developer";
				COPY_PHASE_STRIP = NO;
				GCC_C_LANGUAGE_STANDARD = gnu99;
				GCC_DYNAMIC_NO_PIC = NO;
				GCC_OPTIMIZATION_LEVEL = 0;
				GCC_PREPROCESSOR_DEFINITIONS = (
					"DEBUG=1",
					"$(inherited)",
				);
				GCC_SYMBOLS_PRIVATE_EXTERN = NO;
				GCC_WARN_ABOUT_RETURN_TYPE = YES;
				GCC_WARN_UNINITIALIZED_AUTOS = YES;
				GCC_WARN_UNUSED_VARIABLE = YES;
				IPHONEOS_DEPLOYMENT_TARGET = 6.1;
				ONLY_ACTIVE_ARCH = YES;
				SDKROOT = iphoneos;
				TARGETED_DEVICE_FAMILY = 2;
			};
			name = Debug;
		};
		100BB97F17A8DF29000E00A7 /* Release */ = {
			isa = XCBuildConfiguration;
			buildSettings = {
				ALWAYS_SEARCH_USER_PATHS = NO;
				CLANG_CXX_LANGUAGE_STANDARD = "gnu++0x";
				CLANG_CXX_LIBRARY = "libc++";
				CLANG_WARN_CONSTANT_CONVERSION = YES;
				CLANG_WARN_EMPTY_BODY = YES;
				CLANG_WARN_ENUM_CONVERSION = YES;
				CLANG_WARN_INT_CONVERSION = YES;
				CLANG_WARN__DUPLICATE_METHOD_MATCH = YES;
				"CODE_SIGN_IDENTITY[sdk=iphoneos*]" = "iPhone Developer";
				COPY_PHASE_STRIP = YES;
				GCC_C_LANGUAGE_STANDARD = gnu99;
				GCC_WARN_ABOUT_RETURN_TYPE = YES;
				GCC_WARN_UNINITIALIZED_AUTOS = YES;
				GCC_WARN_UNUSED_VARIABLE = YES;
				IPHONEOS_DEPLOYMENT_TARGET = 6.1;
				OTHER_CFLAGS = "-DNS_BLOCK_ASSERTIONS=1";
				SDKROOT = iphoneos;
				TARGETED_DEVICE_FAMILY = 2;
				VALIDATE_PRODUCT = YES;
			};
			name = Release;
		};
		100BB98117A8DF29000E00A7 /* Debug */ = {
			isa = XCBuildConfiguration;
			buildSettings = {
				GCC_PRECOMPILE_PREFIX_HEADER = YES;
				GCC_PREFIX_HEADER = "NetWork/NetWork-Prefix.pch";
				INFOPLIST_FILE = "NetWork/NetWork-Info.plist";
				LIBRARY_SEARCH_PATHS = (
					"$(inherited)",
					"\"$(SRCROOT)/NetWork/other frameworks/taobao\"",
					"\"$(SRCROOT)/NetWork/Other frameworks/taobao\"",
					"\"$(SRCROOT)/NetWork/Other frameworks/topsdk\"",
				);
				OTHER_LDFLAGS = (
					"-objC",
					"-all_load",
				);
				PRODUCT_NAME = "$(TARGET_NAME)";
				TARGETED_DEVICE_FAMILY = 1;
				WRAPPER_EXTENSION = app;
			};
			name = Debug;
		};
		100BB98217A8DF29000E00A7 /* Release */ = {
			isa = XCBuildConfiguration;
			buildSettings = {
				GCC_PRECOMPILE_PREFIX_HEADER = YES;
				GCC_PREFIX_HEADER = "NetWork/NetWork-Prefix.pch";
				INFOPLIST_FILE = "NetWork/NetWork-Info.plist";
				LIBRARY_SEARCH_PATHS = (
					"$(inherited)",
					"\"$(SRCROOT)/NetWork/other frameworks/taobao\"",
					"\"$(SRCROOT)/NetWork/Other frameworks/taobao\"",
					"\"$(SRCROOT)/NetWork/Other frameworks/topsdk\"",
				);
				OTHER_LDFLAGS = (
					"-objC",
					"-all_load",
				);
				PRODUCT_NAME = "$(TARGET_NAME)";
				TARGETED_DEVICE_FAMILY = 1;
				WRAPPER_EXTENSION = app;
			};
			name = Release;
		};
		10590D6F17AF54BE0041E485 /* Debug */ = {
			isa = XCBuildConfiguration;
			buildSettings = {
				GCC_PRECOMPILE_PREFIX_HEADER = YES;
				GCC_PREFIX_HEADER = "NetWork/NetWork-Prefix.pch";
				INFOPLIST_FILE = "NetWork copy-Info.plist";
				LIBRARY_SEARCH_PATHS = (
					"$(inherited)",
					"\"$(SRCROOT)/NetWork/other frameworks/taobao\"",
					"\"$(SRCROOT)/NetWork/Other frameworks/taobao\"",
					"\"$(SRCROOT)/NetWork/Other frameworks/taobao/Header\"",
					"\"$(SRCROOT)/NetWork/Other frameworks/topsdk\"",
				);
				OTHER_LDFLAGS = (
					"-objC",
					"-all_load",
				);
				PRODUCT_NAME = "NetWork copy";
				TARGETED_DEVICE_FAMILY = 1;
				WRAPPER_EXTENSION = app;
			};
			name = Debug;
		};
		10590D7017AF54BE0041E485 /* Release */ = {
			isa = XCBuildConfiguration;
			buildSettings = {
				GCC_PRECOMPILE_PREFIX_HEADER = YES;
				GCC_PREFIX_HEADER = "NetWork/NetWork-Prefix.pch";
				INFOPLIST_FILE = "NetWork copy-Info.plist";
				LIBRARY_SEARCH_PATHS = (
					"$(inherited)",
					"\"$(SRCROOT)/NetWork/other frameworks/taobao\"",
					"\"$(SRCROOT)/NetWork/Other frameworks/taobao\"",
					"\"$(SRCROOT)/NetWork/Other frameworks/taobao/Header\"",
					"\"$(SRCROOT)/NetWork/Other frameworks/topsdk\"",
				);
				OTHER_LDFLAGS = (
					"-objC",
					"-all_load",
				);
				PRODUCT_NAME = "NetWork copy";
				TARGETED_DEVICE_FAMILY = 1;
				WRAPPER_EXTENSION = app;
			};
			name = Release;
		};
/* End XCBuildConfiguration section */

/* Begin XCConfigurationList section */
		100BB95817A8DF29000E00A7 /* Build configuration list for PBXProject "NetWork" */ = {
			isa = XCConfigurationList;
			buildConfigurations = (
				100BB97E17A8DF29000E00A7 /* Debug */,
				100BB97F17A8DF29000E00A7 /* Release */,
			);
			defaultConfigurationIsVisible = 0;
			defaultConfigurationName = Release;
		};
		100BB98017A8DF29000E00A7 /* Build configuration list for PBXNativeTarget "NetWork" */ = {
			isa = XCConfigurationList;
			buildConfigurations = (
				100BB98117A8DF29000E00A7 /* Debug */,
				100BB98217A8DF29000E00A7 /* Release */,
			);
			defaultConfigurationIsVisible = 0;
			defaultConfigurationName = Release;
		};
		10590D6E17AF54BE0041E485 /* Build configuration list for PBXNativeTarget "NetWork V1" */ = {
			isa = XCConfigurationList;
			buildConfigurations = (
				10590D6F17AF54BE0041E485 /* Debug */,
				10590D7017AF54BE0041E485 /* Release */,
			);
			defaultConfigurationIsVisible = 0;
			defaultConfigurationName = Release;
		};
/* End XCConfigurationList section */
	};
	rootObject = 100BB95517A8DF29000E00A7 /* Project object */;
}
